{
  "name": "aperto-wine",
  "version": "1.0.0",
  "lockfileVersion": 3,
  "requires": true,
  "packages": {
    "": {
      "name": "aperto-wine",
      "dependencies": {
        "daisyui": "^5.6.13"
      }
    },
    "node_modules/daisyui": {
      "version": "5.6.13",
      "resolved": "https://registry.npmjs.org/daisyui/-/daisyui-5.6.13.tgz",
      "integrity": "sha512-0UHyNG3TzF7pDIbPcWyLKQfgtGhJcIq2x26jwsDKp7ZhL0GwaqIMZ12+TWfp8p+mE4NNc29SJk63hEXTz3MQkg==",
      "license": "MIT",
      "funding": {
        "url": "https://github.com/saadeghi/daisyui?sponsor=1"
      }
    }
  }
}
