{
  "name": "aperto-wine",
  "version": "1.0.0",
  "lockfileVersion": 3,
  "requires": true,
  "packages": {
    "": {
      "name": "aperto-wine",
      "dependencies": {
        "daisyui": "^5.7.19"
      }
    },
    "node_modules/daisyui": {
      "version": "5.7.19",
      "resolved": "https://registry.npmjs.org/daisyui/-/daisyui-5.7.19.tgz",
      "integrity": "sha512-0ylsSwFdzecFBh1XKPw/FB74bYX1kiufv7/dFvj3FxrUMWGkACfwqIzIMrsxIMzUlKF6ZHwH6YaOwPNvQGGmsg==",
      "license": "MIT",
      "funding": {
        "url": "https://github.com/saadeghi/daisyui?sponsor=1"
      }
    }
  }
}
